
Microsoft Visual Studio Solution File, Format Version 12.00
# Visual Studio Version 16
VisualStudioVersion = 16.0.28729.10
MinimumVisualStudioVersion = 10.0.40219.1
Project("{FAE04EC0-301F-11D3-BF4B-00C04F79EFBC}") = "CommandLine", "CommandLine\CommandLine.csproj", "{5E1E3A76-F258-49B8-A80F-F904ED2AB755}"
EndProject
Global
	GlobalSection(SolutionConfigurationPlatforms) = preSolution
		Debug|Any CPU = Debug|Any CPU
		Release|Any CPU = Release|Any CPU
	EndGlobalSection
	GlobalSection(ProjectConfigurationPlatforms) = postSolution
		{5E1E3A76-F258-49B8-A80F-F904ED2AB755}.Debug|Any CPU.ActiveCfg = Debug|Any CPU
		{5E1E3A76-F258-49B8-A80F-F904ED2AB755}.Debug|Any CPU.Build.0 = Debug|Any CPU
		{5E1E3A76-F258-49B8-A80F-F904ED2AB755}.Release|Any CPU.ActiveCfg = Release|Any CPU
		{5E1E3A76-F258-49B8-A80F-F904ED2AB755}.Release|Any CPU.Build.0 = Release|Any CPU
	EndGlobalSection
	GlobalSection(SolutionProperties) = preSolution
		HideSolutionNode = FALSE
	EndGlobalSection
EndGlobal
